version = 1
revision = 3
requires-python = ">=3.10, <3.13"

[[package]]
name = "coloredlogs"
version = "15.0.1"
source = { registry = "https://pypi.org/simple" }
dependencies = [
    { name = "humanfriendly" },
]
sdist = { url = "https://files.pythonhosted.org/packages/cc/c7/eed8f27100517e8c0e6b923d5f0845d0cb99763da6fdee00478f91db7325/coloredlogs-15.0.1.tar.gz", hash = "sha256:7c991aa71a4577af2f82600d8f8f3a89f936baeaf9b50a9c197da014e5bf16b0", size = 278520, upload-time = "2021-06-11T10:22:45.202Z" }
wheels = [
    { url = "https://files.pythonhosted.org/packages/a7/06/3d6badcf13db419e25b07041d9c7b4a2c331d3f4e7134445ec5df57714cd/coloredlogs-15.0.1-py2.py3-none-any.whl", hash = "sha256:612ee75c546f53e92e70049c9dbfcc18c935a2b9a53b66085ce9ef6a6e5c0934", size = 46018, upload-time = "2021-06-11T10:22:42.561Z" },
]

[[package]]
name = "flatbuffers"
version = "25.12.19"
source = { registry = "https://pypi.org/simple" }
wheels = [
    { url = "https://files.pythonhosted.org/packages/e8/2d/d2a548598be01649e2d46231d151a6c56d10b964d94043a335ae56ea2d92/flatbuffers-25.12.19-py2.py3-none-any.whl", hash = "sha256:7634f50c427838bb021c2d66a3d1168e9d199b0607e6329399f04846d42e20b4", size = 26661, upload-time = "2025-12-19T23:16:13.622Z" },
]

[[package]]
name = "humanfriendly"
version = "10.0"
source = { registry = "https://pypi.org/simple" }
dependencies = [
    { name = "pyreadline3", marker = "sys_platform == 'win32'" },
]
sdist = { url = "https://files.pythonhosted.org/packages/cc/3f/2c29224acb2e2df4d2046e4c73ee2662023c58ff5b113c4c1adac0886c43/humanfriendly-10.0.tar.gz", hash = "sha256:6b0b831ce8f15f7300721aa49829fc4e83921a9a301cc7f606be6686a2288ddc", size = 360702, upload-time = "2021-09-17T21:40:43.31Z" }
wheels = [
    { url = "https://files.pythonhosted.org/packages/f0/0f/310fb31e39e2d734ccaa2c0fb981ee41f7bd5056ce9bc29b2248bd569169/humanfriendly-10.0-py2.py3-none-any.whl", hash = "sha256:1697e1a8a8f550fd43c2865cd84542fc175a61dcb779b6fee18cf6b6ccba1477", size = 86794, upload-time = "2021-09-17T21:40:39.897Z" },
]

[[package]]
name = "mpmath"
version = "1.3.0"
source = { registry = "https://pypi.org/simple" }
sdist = { url = "https://files.pythonhosted.org/packages/e0/47/dd32fa426cc72114383ac549964eecb20ecfd886d1e5ccf5340b55b02f57/mpmath-1.3.0.tar.gz", hash = "sha256:7a28eb2a9774d00c7bc92411c19a89209d5da7c4c9a9e227be8330a23a25b91f", size = 508106, upload-time = "2023-03-07T16:47:11.061Z" }
wheels = [
    { url = "https://files.pythonhosted.org/packages/43/e3/7d92a15f894aa0c9c4b49b8ee9ac9850d6e63b03c9c32c0367a13ae62209/mpmath-1.3.0-py3-none-any.whl", hash = "sha256:a0b2b9fe80bbcd81a6647ff13108738cfb482d481d826cc0e02f5b35e5c88d2c", size = 536198, upload-time = "2023-03-07T16:47:09.197Z" },
]

[[package]]
name = "numpy"
version = "2.1.3"
source = { registry = "https://pypi.org/simple" }
sdist = { url = "https://files.pythonhosted.org/packages/25/ca/1166b75c21abd1da445b97bf1fa2f14f423c6cfb4fc7c4ef31dccf9f6a94/numpy-2.1.3.tar.gz", hash = "sha256:aa08e04e08aaf974d4458def539dece0d28146d866a39da5639596f4921fd761", size = 20166090, upload-time = "2024-11-02T17:48:55.832Z" }
wheels = [
    { url = "https://files.pythonhosted.org/packages/f1/80/d572a4737626372915bca41c3afbfec9d173561a39a0a61bacbbfd1dafd4/numpy-2.1.3-cp310-cp310-macosx_10_9_x86_64.whl", hash = "sha256:c894b4305373b9c5576d7a12b473702afdf48ce5369c074ba304cc5ad8730dff", size = 21152472, upload-time = "2024-11-02T17:30:37.354Z" },
    { url = "https://files.pythonhosted.org/packages/6f/bb/7bfba10c791ae3bb6716da77ad85a82d5fac07fc96fb0023ef0571df9d20/numpy-2.1.3-cp310-cp310-macosx_11_0_arm64.whl", hash = "sha256:b47fbb433d3260adcd51eb54f92a2ffbc90a4595f8970ee00e064c644ac788f5", size = 13747967, upload-time = "2024-11-02T17:30:59.602Z" },
    { url = "https://files.pythonhosted.org/packages/da/d6/2df7bde35f0478455f0be5934877b3e5a505f587b00230f54a519a6b55a5/numpy-2.1.3-cp310-cp310-macosx_14_0_arm64.whl", hash = "sha256:825656d0743699c529c5943554d223c021ff0494ff1442152ce887ef4f7561a1", size = 5354921, upload-time = "2024-11-02T17:31:09.428Z" },
    { url = "https://files.pythonhosted.org/packages/d1/bb/75b945874f931494891eac6ca06a1764d0e8208791f3addadb2963b83527/numpy-2.1.3-cp310-cp310-macosx_14_0_x86_64.whl", hash = "sha256:6a4825252fcc430a182ac4dee5a505053d262c807f8a924603d411f6718b88fd", size = 6888603, upload-time = "2024-11-02T17:31:20.835Z" },
    { url = "https://files.pythonhosted.org/packages/68/a7/fde73636f6498dbfa6d82fc336164635fe592f1ad0d13285fcb6267fdc1c/numpy-2.1.3-cp310-cp310-manylinux_2_17_aarch64.manylinux2014_aarch64.whl", hash = "sha256:e711e02f49e176a01d0349d82cb5f05ba4db7d5e7e0defd026328e5cfb3226d3", size = 13889862, upload-time = "2024-11-02T17:31:41.486Z" },
    { url = "https://files.pythonhosted.org/packages/05/db/5d9c91b2e1e2e72be1369278f696356d44975befcae830daf2e667dcb54f/numpy-2.1.3-cp310-cp310-manylinux_2_17_x86_64.manylinux2014_x86_64.whl", hash = "sha256:78574ac2d1a4a02421f25da9559850d59457bac82f2b8d7a44fe83a64f770098", size = 16328151, upload-time = "2024-11-02T17:32:08.262Z" },
    { url = "https://files.pythonhosted.org/packages/3e/6a/7eb732109b53ae64a29e25d7e68eb9d6611037f6354875497008a49e74d3/numpy-2.1.3-cp310-cp310-musllinux_1_1_x86_64.whl", hash = "sha256:c7662f0e3673fe4e832fe07b65c50342ea27d989f92c80355658c7f888fcc83c", size = 16704107, upload-time = "2024-11-02T17:32:34.361Z" },
    { url = "https://files.pythonhosted.org/packages/88/cc/278113b66a1141053cbda6f80e4200c6da06b3079c2d27bda1fde41f2c1f/numpy-2.1.3-cp310-cp310-musllinux_1_2_aarch64.whl", hash = "sha256:fa2d1337dc61c8dc417fbccf20f6d1e139896a30721b7f1e832b2bb6ef4eb6c4", size = 14385789, upload-time = "2024-11-02T17:32:57.152Z" },
    { url = "https://files.pythonhosted.org/packages/f5/69/eb20f5e1bfa07449bc67574d2f0f7c1e6b335fb41672e43861a7727d85f2/numpy-2.1.3-cp310-cp310-win32.whl", hash = "sha256:72dcc4a35a8515d83e76b58fdf8113a5c969ccd505c8a946759b24e3182d1f23", size = 6536706, upload-time = "2024-11-02T17:33:09.12Z" },
    { url = "https://files.pythonhosted.org/packages/8e/8b/1c131ab5a94c1086c289c6e1da1d843de9dbd95fe5f5ee6e61904c9518e2/numpy-2.1.3-cp310-cp310-win_amd64.whl", hash = "sha256:ecc76a9ba2911d8d37ac01de72834d8849e55473457558e12995f4cd53e778e0", size = 12864165, upload-time = "2024-11-02T17:33:28.974Z" },
    { url = "https://files.pythonhosted.org/packages/ad/81/c8167192eba5247593cd9d305ac236847c2912ff39e11402e72ae28a4985/numpy-2.1.3-cp311-cp311-macosx_10_9_x86_64.whl", hash = "sha256:4d1167c53b93f1f5d8a139a742b3c6f4d429b54e74e6b57d0eff40045187b15d", size = 21156252, upload-time = "2024-11-02T17:34:01.372Z" },
    { url = "https://files.pythonhosted.org/packages/da/74/5a60003fc3d8a718d830b08b654d0eea2d2db0806bab8f3c2aca7e18e010/numpy-2.1.3-cp311-cp311-macosx_11_0_arm64.whl", hash = "sha256:c80e4a09b3d95b4e1cac08643f1152fa71a0a821a2d4277334c88d54b2219a41", size = 13784119, upload-time = "2024-11-02T17:34:23.809Z" },
    { url = "https://files.pythonhosted.org/packages/47/7c/864cb966b96fce5e63fcf25e1e4d957fe5725a635e5f11fe03f39dd9d6b5/numpy-2.1.3-cp311-cp311-macosx_14_0_arm64.whl", hash = "sha256:576a1c1d25e9e02ed7fa5477f30a127fe56debd53b8d2c89d5578f9857d03ca9", size = 5352978, upload-time = "2024-11-02T17:34:34.001Z" },
    { url = "https://files.pythonhosted.org/packages/09/ac/61d07930a4993dd9691a6432de16d93bbe6aa4b1c12a5e573d468eefc1ca/numpy-2.1.3-cp311-cp311-macosx_14_0_x86_64.whl", hash = "sha256:973faafebaae4c0aaa1a1ca1ce02434554d67e628b8d805e61f874b84e136b09", size = 6892570, upload-time = "2024-11-02T17:34:45.401Z" },
    { url = "https://files.pythonhosted.org/packages/27/2f/21b94664f23af2bb52030653697c685022119e0dc93d6097c3cb45bce5f9/numpy-2.1.3-cp311-cp311-manylinux_2_17_aarch64.manylinux2014_aarch64.whl", hash = "sha256:762479be47a4863e261a840e8e01608d124ee1361e48b96916f38b119cfda04a", size = 13896715, upload-time = "2024-11-02T17:35:06.564Z" },
    { url = "https://files.pythonhosted.org/packages/7a/f0/80811e836484262b236c684a75dfc4ba0424bc670e765afaa911468d9f39/numpy-2.1.3-cp311-cp311-manylinux_2_17_x86_64.manylinux2014_x86_64.whl", hash = "sha256:bc6f24b3d1ecc1eebfbf5d6051faa49af40b03be1aaa781ebdadcbc090b4539b", size = 16339644, upload-time = "2024-11-02T17:35:30.888Z" },
    { url = "https://files.pythonhosted.org/packages/fa/81/ce213159a1ed8eb7d88a2a6ef4fbdb9e4ffd0c76b866c350eb4e3c37e640/numpy-2.1.3-cp311-cp311-musllinux_1_1_x86_64.whl", hash = "sha256:17ee83a1f4fef3c94d16dc1802b998668b5419362c8a4f4e8a491de1b41cc3ee", size = 16712217, upload-time = "2024-11-02T17:35:56.703Z" },
    { url = "https://files.pythonhosted.org/packages/7d/84/4de0b87d5a72f45556b2a8ee9fc8801e8518ec867fc68260c1f5dcb3903f/numpy-2.1.3-cp311-cp311-musllinux_1_2_aarch64.whl", hash = "sha256:15cb89f39fa6d0bdfb600ea24b250e5f1a3df23f901f51c8debaa6a5d122b2f0", size = 14399053, upload-time = "2024-11-02T17:36:22.3Z" },
    { url = "https://files.pythonhosted.org/packages/7e/1c/e5fabb9ad849f9d798b44458fd12a318d27592d4bc1448e269dec070ff04/numpy-2.1.3-cp311-cp311-win32.whl", hash = "sha256:d9beb777a78c331580705326d2367488d5bc473b49a9bc3036c154832520aca9", size = 6534741, upload-time = "2024-11-02T17:36:33.552Z" },
    { url = "https://files.pythonhosted.org/packages/1e/48/a9a4b538e28f854bfb62e1dea3c8fea12e90216a276c7777ae5345ff29a7/numpy-2.1.3-cp311-cp311-win_amd64.whl", hash = "sha256:d89dd2b6da69c4fff5e39c28a382199ddedc3a5be5390115608345dec660b9e2", size = 12869487, upload-time = "2024-11-02T17:36:52.909Z" },
    { url = "https://files.pythonhosted.org/packages/8a/f0/385eb9970309643cbca4fc6eebc8bb16e560de129c91258dfaa18498da8b/numpy-2.1.3-cp312-cp312-macosx_10_13_x86_64.whl", hash = "sha256:f55ba01150f52b1027829b50d70ef1dafd9821ea82905b63936668403c3b471e", size = 20849658, upload-time = "2024-11-02T17:37:23.919Z" },
    { url = "https://files.pythonhosted.org/packages/54/4a/765b4607f0fecbb239638d610d04ec0a0ded9b4951c56dc68cef79026abf/numpy-2.1.3-cp312-cp312-macosx_11_0_arm64.whl", hash = "sha256:13138eadd4f4da03074851a698ffa7e405f41a0845a6b1ad135b81596e4e9958", size = 13492258, upload-time = "2024-11-02T17:37:45.252Z" },
    { url = "https://files.pythonhosted.org/packages/bd/a7/2332679479c70b68dccbf4a8eb9c9b5ee383164b161bee9284ac141fbd33/numpy-2.1.3-cp312-cp312-macosx_14_0_arm64.whl", hash = "sha256:a6b46587b14b888e95e4a24d7b13ae91fa22386c199ee7b418f449032b2fa3b8", size = 5090249, upload-time = "2024-11-02T17:37:54.252Z" },
    { url = "https://files.pythonhosted.org/packages/c1/67/4aa00316b3b981a822c7a239d3a8135be2a6945d1fd11d0efb25d361711a/numpy-2.1.3-cp312-cp312-macosx_14_0_x86_64.whl", hash = "sha256:0fa14563cc46422e99daef53d725d0c326e99e468a9320a240affffe87852564", size = 6621704, upload-time = "2024-11-02T17:38:05.127Z" },
    { url = "https://files.pythonhosted.org/packages/5e/da/1a429ae58b3b6c364eeec93bf044c532f2ff7b48a52e41050896cf15d5b1/numpy-2.1.3-cp312-cp312-manylinux_2_17_aarch64.manylinux2014_aarch64.whl", hash = "sha256:8637dcd2caa676e475503d1f8fdb327bc495554e10838019651b76d17b98e512", size = 13606089, upload-time = "2024-11-02T17:38:25.997Z" },
    { url = "https://files.pythonhosted.org/packages/9e/3e/3757f304c704f2f0294a6b8340fcf2be244038be07da4cccf390fa678a9f/numpy-2.1.3-cp312-cp312-manylinux_2_17_x86_64.manylinux2014_x86_64.whl", hash = "sha256:2312b2aa89e1f43ecea6da6ea9a810d06aae08321609d8dc0d0eda6d946a541b", size = 16043185, upload-time = "2024-11-02T17:38:51.07Z" },
    { url = "https://files.pythonhosted.org/packages/43/97/75329c28fea3113d00c8d2daf9bc5828d58d78ed661d8e05e234f86f0f6d/numpy-2.1.3-cp312-cp312-musllinux_1_1_x86_64.whl", hash = "sha256:a38c19106902bb19351b83802531fea19dee18e5b37b36454f27f11ff956f7fc", size = 16410751, upload-time = "2024-11-02T17:39:15.801Z" },
    { url = "https://files.pythonhosted.org/packages/ad/7a/442965e98b34e0ae9da319f075b387bcb9a1e0658276cc63adb8c9686f7b/numpy-2.1.3-cp312-cp312-musllinux_1_2_aarch64.whl", hash = "sha256:02135ade8b8a84011cbb67dc44e07c58f28575cf9ecf8ab304e51c05528c19f0", size = 14082705, upload-time = "2024-11-02T17:39:38.274Z" },
    { url = "https://files.pythonhosted.org/packages/ac/b6/26108cf2cfa5c7e03fb969b595c93131eab4a399762b51ce9ebec2332e80/numpy-2.1.3-cp312-cp312-win32.whl", hash = "sha256:e6988e90fcf617da2b5c78902fe8e668361b43b4fe26dbf2d7b0f8034d4cafb9", size = 6239077, upload-time = "2024-11-02T17:39:49.299Z" },
    { url = "https://files.pythonhosted.org/packages/a6/84/fa11dad3404b7634aaab50733581ce11e5350383311ea7a7010f464c0170/numpy-2.1.3-cp312-cp312-win_amd64.whl", hash = "sha256:0d30c543f02e84e92c4b1f415b7c6b5326cbe45ee7882b6b77db7195fb971e3a", size = 12566858, upload-time = "2024-11-02T17:40:08.851Z" },
    { url = "https://files.pythonhosted.org/packages/00/e7/8d8bb791b62586cc432ecbb70632b4f23b7b7c88df41878de7528264f6d7/numpy-2.1.3-pp310-pypy310_pp73-macosx_10_15_x86_64.whl", hash = "sha256:4f2015dfe437dfebbfce7c85c7b53d81ba49e71ba7eadbf1df40c915af75979f", size = 20983893, upload-time = "2024-11-02T17:47:09.365Z" },
    { url = "https://files.pythonhosted.org/packages/5e/f3/cb8118a044b5007586245a650360c9f5915b2f4232dd7658bb7a63dd1d02/numpy-2.1.3-pp310-pypy310_pp73-macosx_14_0_x86_64.whl", hash = "sha256:3522b0dfe983a575e6a9ab3a4a4dfe156c3e428468ff08ce582b9bb6bd1d71d4", size = 6752501, upload-time = "2024-11-02T17:47:21.52Z" },
    { url = "https://files.pythonhosted.org/packages/53/f5/365b46439b518d2ec6ebb880cc0edf90f225145dfd4db7958334f7164530/numpy-2.1.3-pp310-pypy310_pp73-manylinux_2_17_x86_64.manylinux2014_x86_64.whl", hash = "sha256:c006b607a865b07cd981ccb218a04fc86b600411d83d6fc261357f1c0966755d", size = 16142601, upload-time = "2024-11-02T17:47:45.575Z" },
    { url = "https://files.pythonhosted.org/packages/03/c2/d1fee6ba999aa7cd41ca6856937f2baaf604c3eec1565eae63451ec31e5e/numpy-2.1.3-pp310-pypy310_pp73-win_amd64.whl", hash = "sha256:e14e26956e6f1696070788252dcdff11b4aca4c3e8bd166e0df1bb8f315a67cb", size = 12771397, upload-time = "2024-11-02T17:48:05.988Z" },
]

[[package]]
name = "onnx"
version = "1.17.0"
source = { registry = "https://pypi.org/simple" }
dependencies = [
    { name = "numpy" },
    { name = "protobuf" },
]
sdist = { url = "https://files.pythonhosted.org/packages/9a/54/0e385c26bf230d223810a9c7d06628d954008a5e5e4b73ee26ef02327282/onnx-1.17.0.tar.gz", hash = "sha256:48ca1a91ff73c1d5e3ea2eef20ae5d0e709bb8a2355ed798ffc2169753013fd3", size = 12165120, upload-time = "2024-10-01T21:48:40.63Z" }
wheels = [
    { url = "https://files.pythonhosted.org/packages/2e/29/57053ba7787788ac75efb095cfc1ae290436b6d3a26754693cd7ed1b4fac/onnx-1.17.0-cp310-cp310-macosx_12_0_universal2.whl", hash = "sha256:38b5df0eb22012198cdcee527cc5f917f09cce1f88a69248aaca22bd78a7f023", size = 16645616, upload-time = "2024-10-01T21:45:45.778Z" },
    { url = "https://files.pythonhosted.org/packages/75/0d/831807a18db2a5e8f7813848c59272b904a4ef3939fe4d1288cbce9ea735/onnx-1.17.0-cp310-cp310-manylinux_2_17_aarch64.manylinux2014_aarch64.whl", hash = "sha256:d545335cb49d4d8c47cc803d3a805deb7ad5d9094dc67657d66e568610a36d7d", size = 15908420, upload-time = "2024-10-01T21:45:49.263Z" },
    { url = "https://files.pythonhosted.org/packages/dd/5b/c4f95dbe652d14aeba9afaceb177e9ffc48ac3c03048dd3f872f26f07e34/onnx-1.17.0-cp310-cp310-manylinux_2_17_x86_64.manylinux2014_x86_64.whl", hash = "sha256:3193a3672fc60f1a18c0f4c93ac81b761bc72fd8a6c2035fa79ff5969f07713e", size = 16046244, upload-time = "2024-10-01T21:45:52.164Z" },
    { url = "https://files.pythonhosted.org/packages/08/a9/c1f218085043dccc6311460239e253fa6957cf12ee4b0a56b82014938d0b/onnx-1.17.0-cp310-cp310-win32.whl", hash = "sha256:0141c2ce806c474b667b7e4499164227ef594584da432fd5613ec17c1855e311", size = 14423516, upload-time = "2024-10-01T21:45:55.071Z" },
    { url = "https://files.pythonhosted.org/packages/0e/d3/d26ebf590a65686dde6b27fef32493026c5be9e42083340d947395f93405/onnx-1.17.0-cp310-cp310-win_amd64.whl", hash = "sha256:dfd777d95c158437fda6b34758f0877d15b89cbe9ff45affbedc519b35345cf9", size = 14528496, upload-time = "2024-10-01T21:45:58.065Z" },
    { url = "https://files.pythonhosted.org/packages/e5/a9/8d1b1d53aec70df53e0f57e9f9fcf47004276539e29230c3d5f1f50719ba/onnx-1.17.0-cp311-cp311-macosx_12_0_universal2.whl", hash = "sha256:d6fc3a03fc0129b8b6ac03f03bc894431ffd77c7d79ec023d0afd667b4d35869", size = 16647991, upload-time = "2024-10-01T21:46:02.491Z" },
    { url = "https://files.pythonhosted.org/packages/7b/e3/cc80110e5996ca61878f7b4c73c7a286cd88918ff35eacb60dc75ab11ef5/onnx-1.17.0-cp311-cp311-manylinux_2_17_aarch64.manylinux2014_aarch64.whl", hash = "sha256:f01a4b63d4e1d8ec3e2f069e7b798b2955810aa434f7361f01bc8ca08d69cce4", size = 15908949, upload-time = "2024-10-01T21:46:05.165Z" },
    { url = "https://files.pythonhosted.org/packages/b1/2f/91092557ed478e323a2b4471e2081fdf88d1dd52ae988ceaf7db4e4506ff/onnx-1.17.0-cp311-cp311-manylinux_2_17_x86_64.manylinux2014_x86_64.whl", hash = "sha256:4a183c6178be001bf398260e5ac2c927dc43e7746e8638d6c05c20e321f8c949", size = 16048190, upload-time = "2024-10-01T21:46:08.041Z" },
    { url = "https://files.pythonhosted.org/packages/ac/59/9ea23fc22d0bb853133f363e6248e31bcbc6c1c90543a3938c00412ac02a/onnx-1.17.0-cp311-cp311-win32.whl", hash = "sha256:081ec43a8b950171767d99075b6b92553901fa429d4bc5eb3ad66b36ef5dbe3a", size = 14424299, upload-time = "2024-10-01T21:46:10.329Z" },
    { url = "https://files.pythonhosted.org/packages/51/a5/19b0dfcb567b62e7adf1a21b08b23224f0c2d13842aee4d0abc6f07f9cf5/onnx-1.17.0-cp311-cp311-win_amd64.whl", hash = "sha256:95c03e38671785036bb704c30cd2e150825f6ab4763df3a4f1d249da48525957", size = 14529142, upload-time = "2024-10-01T21:46:12.574Z" },
    { url = "https://files.pythonhosted.org/packages/b4/dd/c416a11a28847fafb0db1bf43381979a0f522eb9107b831058fde012dd56/onnx-1.17.0-cp312-cp312-macosx_12_0_universal2.whl", hash = "sha256:0e906e6a83437de05f8139ea7eaf366bf287f44ae5cc44b2850a30e296421f2f", size = 16651271, upload-time = "2024-10-01T21:46:16.084Z" },
    { url = "https://files.pythonhosted.org/packages/f0/6c/f040652277f514ecd81b7251841f96caa5538365af7df07f86c6018cda2b/onnx-1.17.0-cp312-cp312-manylinux_2_17_aarch64.manylinux2014_aarch64.whl", hash = "sha256:3d955ba2939878a520a97614bcf2e79c1df71b29203e8ced478fa78c9a9c63c2", size = 15907522, upload-time = "2024-10-01T21:46:18.574Z" },
    { url = "https://files.pythonhosted.org/packages/3d/7c/67f4952d1b56b3f74a154b97d0dd0630d525923b354db117d04823b8b49b/onnx-1.17.0-cp312-cp312-manylinux_2_17_x86_64.manylinux2014_x86_64.whl", hash = "sha256:4f3fb5cc4e2898ac5312a7dc03a65133dd2abf9a5e520e69afb880a7251ec97a", size = 16046307, upload-time = "2024-10-01T21:46:21.186Z" },
    { url = "https://files.pythonhosted.org/packages/ae/20/6da11042d2ab870dfb4ce4a6b52354d7651b6b4112038b6d2229ab9904c4/onnx-1.17.0-cp312-cp312-win32.whl", hash = "sha256:317870fca3349d19325a4b7d1b5628f6de3811e9710b1e3665c68b073d0e68d7", size = 14424235, upload-time = "2024-10-01T21:46:24.343Z" },
    { url = "https://files.pythonhosted.org/packages/35/55/c4d11bee1fdb0c4bd84b4e3562ff811a19b63266816870ae1f95567aa6e1/onnx-1.17.0-cp312-cp312-win_amd64.whl", hash = "sha256:659b8232d627a5460d74fd3c96947ae83db6d03f035ac633e20cd69cfa029227", size = 14530453, upload-time = "2024-10-01T21:46:26.981Z" },
]

[[package]]
name = "onnxruntime"
version = "1.20.1"
source = { registry = "https://pypi.org/simple" }
dependencies = [
    { name = "coloredlogs" },
    { name = "flatbuffers" },
    { name = "numpy" },
    { name = "packaging" },
    { name = "protobuf" },
    { name = "sympy" },
]
wheels = [
    { url = "https://files.pythonhosted.org/packages/4e/28/99f903b0eb1cd6f3faa0e343217d9fb9f47b84bca98bd9859884631336ee/onnxruntime-1.20.1-cp310-cp310-macosx_13_0_universal2.whl", hash = "sha256:e50ba5ff7fed4f7d9253a6baf801ca2883cc08491f9d32d78a80da57256a5439", size = 30996314, upload-time = "2024-11-21T00:48:31.43Z" },
    { url = "https://files.pythonhosted.org/packages/6d/c6/c4c0860bee2fde6037bdd9dcd12d323f6e38cf00fcc9a5065b394337fc55/onnxruntime-1.20.1-cp310-cp310-manylinux_2_27_aarch64.manylinux_2_28_aarch64.whl", hash = "sha256:7b2908b50101a19e99c4d4e97ebb9905561daf61829403061c1adc1b588bc0de", size = 11954010, upload-time = "2024-11-21T00:48:35.254Z" },
    { url = "https://files.pythonhosted.org/packages/63/47/3dc0b075ab539f16b3d8b09df6b504f51836086ee709690a6278d791737d/onnxruntime-1.20.1-cp310-cp310-manylinux_2_27_x86_64.manylinux_2_28_x86_64.whl", hash = "sha256:d82daaec24045a2e87598b8ac2b417b1cce623244e80e663882e9fe1aae86410", size = 13330452, upload-time = "2024-11-21T00:48:40.02Z" },
    { url = "https://files.pythonhosted.org/packages/27/ef/80fab86289ecc01a734b7ddf115dfb93d8b2e004bd1e1977e12881c72b12/onnxruntime-1.20.1-cp310-cp310-win32.whl", hash = "sha256:4c4b251a725a3b8cf2aab284f7d940c26094ecd9d442f07dd81ab5470e99b83f", size = 9813849, upload-time = "2024-11-21T00:48:43.569Z" },
    { url = "https://files.pythonhosted.org/packages/a9/e6/33ab10066c9875a29d55e66ae97c3bf91b9b9b987179455d67c32261a49c/onnxruntime-1.20.1-cp310-cp310-win_amd64.whl", hash = "sha256:d3b616bb53a77a9463707bb313637223380fc327f5064c9a782e8ec69c22e6a2", size = 11329702, upload-time = "2024-11-21T00:48:46.599Z" },
    { url = "https://files.pythonhosted.org/packages/95/8d/2634e2959b34aa8a0037989f4229e9abcfa484e9c228f99633b3241768a6/onnxruntime-1.20.1-cp311-cp311-macosx_13_0_universal2.whl", hash = "sha256:06bfbf02ca9ab5f28946e0f912a562a5f005301d0c419283dc57b3ed7969bb7b", size = 30998725, upload-time = "2024-11-21T00:48:51.013Z" },
    { url = "https://files.pythonhosted.org/packages/a5/da/c44bf9bd66cd6d9018a921f053f28d819445c4d84b4dd4777271b0fe52a2/onnxruntime-1.20.1-cp311-cp311-manylinux_2_27_aarch64.manylinux_2_28_aarch64.whl", hash = "sha256:f6243e34d74423bdd1edf0ae9596dd61023b260f546ee17d701723915f06a9f7", size = 11955227, upload-time = "2024-11-21T00:48:54.556Z" },
    { url = "https://files.pythonhosted.org/packages/11/ac/4120dfb74c8e45cce1c664fc7f7ce010edd587ba67ac41489f7432eb9381/onnxruntime-1.20.1-cp311-cp311-manylinux_2_27_x86_64.manylinux_2_28_x86_64.whl", hash = "sha256:5eec64c0269dcdb8d9a9a53dc4d64f87b9e0c19801d9321246a53b7eb5a7d1bc", size = 13331703, upload-time = "2024-11-21T00:48:57.97Z" },
    { url = "https://files.pythonhosted.org/packages/12/f1/cefacac137f7bb7bfba57c50c478150fcd3c54aca72762ac2c05ce0532c1/onnxruntime-1.20.1-cp311-cp311-win32.whl", hash = "sha256:a19bc6e8c70e2485a1725b3d517a2319603acc14c1f1a017dda0afe6d4665b41", size = 9813977, upload-time = "2024-11-21T00:49:00.519Z" },
    { url = "https://files.pythonhosted.org/packages/2c/2d/2d4d202c0bcfb3a4cc2b171abb9328672d7f91d7af9ea52572722c6d8d96/onnxruntime-1.20.1-cp311-cp311-win_amd64.whl", hash = "sha256:8508887eb1c5f9537a4071768723ec7c30c28eb2518a00d0adcd32c89dea3221", size = 11329895, upload-time = "2024-11-21T00:49:03.845Z" },
    { url = "https://files.pythonhosted.org/packages/e5/39/9335e0874f68f7d27103cbffc0e235e32e26759202df6085716375c078bb/onnxruntime-1.20.1-cp312-cp312-macosx_13_0_universal2.whl", hash = "sha256:22b0655e2bf4f2161d52706e31f517a0e54939dc393e92577df51808a7edc8c9", size = 31007580, upload-time = "2024-11-21T00:49:07.029Z" },
    { url = "https://files.pythonhosted.org/packages/c5/9d/a42a84e10f1744dd27c6f2f9280cc3fb98f869dd19b7cd042e391ee2ab61/onnxruntime-1.20.1-cp312-cp312-manylinux_2_27_aarch64.manylinux_2_28_aarch64.whl", hash = "sha256:f1f56e898815963d6dc4ee1c35fc6c36506466eff6d16f3cb9848cea4e8c8172", size = 11952833, upload-time = "2024-11-21T00:49:10.563Z" },
    { url = "https://files.pythonhosted.org/packages/47/42/2f71f5680834688a9c81becbe5c5bb996fd33eaed5c66ae0606c3b1d6a02/onnxruntime-1.20.1-cp312-cp312-manylinux_2_27_x86_64.manylinux_2_28_x86_64.whl", hash = "sha256:bb71a814f66517a65628c9e4a2bb530a6edd2cd5d87ffa0af0f6f773a027d99e", size = 13333903, upload-time = "2024-11-21T00:49:12.984Z" },
    { url = "https://files.pythonhosted.org/packages/c8/f1/aabfdf91d013320aa2fc46cf43c88ca0182860ff15df872b4552254a9680/onnxruntime-1.20.1-cp312-cp312-win32.whl", hash = "sha256:bd386cc9ee5f686ee8a75ba74037750aca55183085bf1941da8efcfe12d5b120", size = 9814562, upload-time = "2024-11-21T00:49:15.453Z" },
    { url = "https://files.pythonhosted.org/packages/dd/80/76979e0b744307d488c79e41051117634b956612cc731f1028eb17ee7294/onnxruntime-1.20.1-cp312-cp312-win_amd64.whl", hash = "sha256:19c2d843eb074f385e8bbb753a40df780511061a63f9def1b216bf53860223fb", size = 11331482, upload-time = "2024-11-21T00:49:19.412Z" },
]

[[package]]
name = "packaging"
version = "26.2"
source = { registry = "https://pypi.org/simple" }
sdist = { url = "https://files.pythonhosted.org/packages/d7/f1/e7a6dd94a8d4a5626c03e4e99c87f241ba9e350cd9e6d75123f992427270/packaging-26.2.tar.gz", hash = "sha256:ff452ff5a3e828ce110190feff1178bb1f2ea2281fa2075aadb987c2fb221661", size = 228134, upload-time = "2026-04-24T20:15:23.917Z" }
wheels = [
    { url = "https://files.pythonhosted.org/packages/df/b2/87e62e8c3e2f4b32e5fe99e0b86d576da1312593b39f47d8ceef365e95ed/packaging-26.2-py3-none-any.whl", hash = "sha256:5fc45236b9446107ff2415ce77c807cee2862cb6fac22b8a73826d0693b0980e", size = 100195, upload-time = "2026-04-24T20:15:22.081Z" },
]

[[package]]
name = "protobuf"
version = "7.35.1"
source = { registry = "https://pypi.org/simple" }
sdist = { url = "https://files.pythonhosted.org/packages/da/01/9ef0afd7999eb9badb3a768b4aedd78c86d4c65cfaf1958ab276199e76b4/protobuf-7.35.1.tar.gz", hash = "sha256:ce115a26fe0c39a2c29973d914d327e516a6455464489fe3cd1e51a1b354f81a", size = 458717, upload-time = "2026-06-11T21:55:40.257Z" }
wheels = [
    { url = "https://files.pythonhosted.org/packages/10/03/8aeeb7458d22546bf64b5250ca1daeb5ff757d900e8e4a7476c6f0db843e/protobuf-7.35.1-cp310-abi3-macosx_10_9_universal2.whl", hash = "sha256:24f857477359a85c0c235261b8ba905fd51b2562f4a64ca1df5473f29850cbf6", size = 433226, upload-time = "2026-06-11T21:55:31.719Z" },
    { url = "https://files.pythonhosted.org/packages/37/4b/dfb89eb0e652a1ff073c39a59fb5e3a83cfe9b57a2c83fa6d78270101767/protobuf-7.35.1-cp310-abi3-manylinux2014_aarch64.whl", hash = "sha256:11d6b0ec246892d85215b0a13ca6e0233cf5284b68f0ac02646427f4ff88a799", size = 328847, upload-time = "2026-06-11T21:55:34.035Z" },
    { url = "https://files.pythonhosted.org/packages/0f/58/dc12f2cd484951524af6e3382c785869b9b3fb5e52ee95ae23add53ee8f9/protobuf-7.35.1-cp310-abi3-manylinux2014_s390x.whl", hash = "sha256:b73f9489a4b8b1c9cb1f8ed951c736392592edb24b9d6819f36d2e10b171d5b4", size = 344030, upload-time = "2026-06-11T21:55:34.941Z" },
    { url = "https://files.pythonhosted.org/packages/e4/be/5b3cfe508bfab6761414ff944e3366eb13be4fd71efcd69450f89ba39f43/protobuf-7.35.1-cp310-abi3-manylinux2014_x86_64.whl", hash = "sha256:74758715c53d7158fb76caf4f0cfdacc5329a4b1bb994f865d6cf302d413a1c4", size = 327130, upload-time = "2026-06-11T21:55:35.921Z" },
    { url = "https://files.pythonhosted.org/packages/d8/bc/6d6c7ba8709c85f8f2c390b2b118d6fb08a783676a572271851bf45a7d22/protobuf-7.35.1-cp310-abi3-win32.whl", hash = "sha256:353652e4efd0bca5b5fc2656abf8307ef351f0cf938c9eba09f0e09c20a25c30", size = 428945, upload-time = "2026-06-11T21:55:37.034Z" },
    { url = "https://files.pythonhosted.org/packages/0a/19/8d0cb6f20a1ef7b18f1c8986ad5783f22f84cce39c6ce9a6e645ea55192e/protobuf-7.35.1-cp310-abi3-win_amd64.whl", hash = "sha256:230a75ddfc2de4806e56696ce9640c1cdfdb6543b7cfce98d42a4c0a0e7bdb87", size = 439996, upload-time = "2026-06-11T21:55:38.123Z" },
    { url = "https://files.pythonhosted.org/packages/19/c7/5f7c636ec43e0c545e28d1f1db71990108306f7bdcb89f069ba97e428e7f/protobuf-7.35.1-py3-none-any.whl", hash = "sha256:4bc97768d8fe4ad6743c8a19403e314511ed9f6d13205b687e52421c023ac1b9", size = 171659, upload-time = "2026-06-11T21:55:39.155Z" },
]

[[package]]
name = "pyreadline3"
version = "3.5.6"
source = { registry = "https://pypi.org/simple" }
sdist = { url = "https://files.pythonhosted.org/packages/b6/6d/f94028646d7bbe6d9d873c47ee7c246f2d29129d253f0d96cb6fcab70733/pyreadline3-3.5.6.tar.gz", hash = "sha256:61e53218b99656091ddb077df9e71f25850e72e030b6183b39c9b7e6e4f4a9bf", size = 100368, upload-time = "2026-05-14T17:55:04.471Z" }
wheels = [
    { url = "https://files.pythonhosted.org/packages/f7/5e/35c856e186b74678c24927847ad9895a51f1bc02a0c6126477a6c6040064/pyreadline3-3.5.6-py3-none-any.whl", hash = "sha256:8449b734232e42a5dcd74048e39b60db2839a4c38cf3ae2bf7707d58b5389c0d", size = 85243, upload-time = "2026-05-14T17:55:03.262Z" },
]

[[package]]
name = "sympy"
version = "1.14.0"
source = { registry = "https://pypi.org/simple" }
dependencies = [
    { name = "mpmath" },
]
sdist = { url = "https://files.pythonhosted.org/packages/83/d3/803453b36afefb7c2bb238361cd4ae6125a569b4db67cd9e79846ba2d68c/sympy-1.14.0.tar.gz", hash = "sha256:d3d3fe8df1e5a0b42f0e7bdf50541697dbe7d23746e894990c030e2b05e72517", size = 7793921, upload-time = "2025-04-27T18:05:01.611Z" }
wheels = [
    { url = "https://files.pythonhosted.org/packages/a2/09/77d55d46fd61b4a135c444fc97158ef34a095e5681d0a6c10b75bf356191/sympy-1.14.0-py3-none-any.whl", hash = "sha256:e091cc3e99d2141a0ba2847328f5479b05d94a6635cb96148ccb3f34671bd8f5", size = 6299353, upload-time = "2025-04-27T18:04:59.103Z" },
]

[[package]]
name = "webdnn-test-fixtures"
version = "0.0.0"
source = { virtual = "." }
dependencies = [
    { name = "numpy" },
    { name = "onnx" },
    { name = "onnxruntime" },
]

[package.metadata]
requires-dist = [
    { name = "numpy", specifier = "==2.1.3" },
    { name = "onnx", specifier = "==1.17.0" },
    { name = "onnxruntime", specifier = "==1.20.1" },
]
